// !$*UTF8*$!
{
	archiveVersion = 1;
	classes = {
	};
	objectVersion = 50;
	objects = {

/* Begin PBXBuildFile section */
		1340F55E235E26C200E23C1A /* Countries.json in Resources */ = {isa = PBXBuildFile; fileRef = 1340F55D235E26C200E23C1A /* Countries.json */; };
		8D13F74B235BA202008B0381 /* AppDelegate.swift in Sources */ = {isa = PBXBuildFile; fileRef = 8D13F74A235BA202008B0381 /* AppDelegate.swift */; };
		8D13F74D235BA202008B0381 /* SceneDelegate.swift in Sources */ = {isa = PBXBuildFile; fileRef = 8D13F74C235BA202008B0381 /* SceneDelegate.swift */; };
		8D13F74F235BA202008B0381 /* ViewController.swift in Sources */ = {isa = PBXBuildFile; fileRef = 8D13F74E235BA202008B0381 /* ViewController.swift */; };
		8D13F752235BA202008B0381 /* Main.storyboard in Resources */ = {isa = PBXBuildFile; fileRef = 8D13F750235BA202008B0381 /* Main.storyboard */; };
		8D13F754235BA204008B0381 /* Assets.xcassets in Resources */ = {isa = PBXBuildFile; fileRef = 8D13F753235BA204008B0381 /* Assets.xcassets */; };
		8D13F757235BA204008B0381 /* LaunchScreen.storyboard in Resources */ = {isa = PBXBuildFile; fileRef = 8D13F755235BA204008B0381 /* LaunchScreen.storyboard */; };
		8D13F760235BA43A008B0381 /* NavigationController.swift in Sources */ = {isa = PBXBuildFile; fileRef = 8D13F75F235BA43A008B0381 /* NavigationController.swift */; };
		8D13F762235C791D008B0381 /* CountryViewController.swift in Sources */ = {isa = PBXBuildFile; fileRef = 8D13F761235C791D008B0381 /* CountryViewController.swift */; };
		8D13F764235C792C008B0381 /* DetailViewController.swift in Sources */ = {isa = PBXBuildFile; fileRef = 8D13F763235C792C008B0381 /* DetailViewController.swift */; };
		8D13F767235C7C8B008B0381 /* DataStruct.swift in Sources */ = {isa = PBXBuildFile; fileRef = 8D13F766235C7C8B008B0381 /* DataStruct.swift */; };
/* End PBXBuildFile section */

/* Begin PBXFileReference section */
		1340F55D235E26C200E23C1A /* Countries.json */ = {isa = PBXFileReference; fileEncoding = 4; lastKnownFileType = text.json; path = Countries.json; sourceTree = "<group>"; };
		8D13F747235BA202008B0381 /* Who2Call.app */ = {isa = PBXFileReference; explicitFileType = wrapper.application; includeInIndex = 0; path = Who2Call.app; sourceTree = BUILT_PRODUCTS_DIR; };
		8D13F74A235BA202008B0381 /* AppDelegate.swift */ = {isa = PBXFileReference; lastKnownFileType = sourcecode.swift; path = AppDelegate.swift; sourceTree = "<group>"; };
		8D13F74C235BA202008B0381 /* SceneDelegate.swift */ = {isa = PBXFileReference; lastKnownFileType = sourcecode.swift; path = SceneDelegate.swift; sourceTree = "<group>"; };
		8D13F74E235BA202008B0381 /* ViewController.swift */ = {isa = PBXFileReference; lastKnownFileType = sourcecode.swift; path = ViewController.swift; sourceTree = "<group>"; };
		8D13F751235BA202008B0381 /* Base */ = {isa = PBXFileReference; lastKnownFileType = file.storyboard; name = Base; path = Base.lproj/Main.storyboard; sourceTree = "<group>"; };
		8D13F753235BA204008B0381 /* Assets.xcassets */ = {isa = PBXFileReference; lastKnownFileType = folder.assetcatalog; path = Assets.xcassets; sourceTree = "<group>"; };
		8D13F756235BA204008B0381 /* Base */ = {isa = PBXFileReference; lastKnownFileType = file.storyboard; name = Base; path = Base.lproj/LaunchScreen.storyboard; sourceTree = "<group>"; };
		8D13F758235BA204008B0381 /* Info.plist */ = {isa = PBXFileReference; lastKnownFileType = text.plist.xml; path = Info.plist; sourceTree = "<group>"; };
		8D13F75F235BA43A008B0381 /* NavigationController.swift */ = {isa = PBXFileReference; lastKnownFileType = sourcecode.swift; path = NavigationController.swift; sourceTree = "<group>"; };
		8D13F761235C791D008B0381 /* CountryViewController.swift */ = {isa = PBXFileReference; lastKnownFileType = sourcecode.swift; path = CountryViewController.swift; sourceTree = "<group>"; };
		8D13F763235C792C008B0381 /* DetailViewController.swift */ = {isa = PBXFileReference; lastKnownFileType = sourcecode.swift; path = DetailViewController.swift; sourceTree = "<group>"; };
		8D13F766235C7C8B008B0381 /* DataStruct.swift */ = {isa = PBXFileReference; lastKnownFileType = sourcecode.swift; path = DataStruct.swift; sourceTree = "<group>"; };
/* End PBXFileReference section */

/* Begin PBXFrameworksBuildPhase section */
		8D13F744235BA202008B0381 /* Frameworks */ = {
			isa = PBXFrameworksBuildPhase;
			buildActionMask = 2147483647;
			files = (
			);
			runOnlyForDeploymentPostprocessing = 0;
		};
/* End PBXFrameworksBuildPhase section */

/* Begin PBXGroup section */
		8D13F73E235BA202008B0381 = {
			isa = PBXGroup;
			children = (
				8D13F749235BA202008B0381 /* Who2Call */,
				8D13F748235BA202008B0381 /* Products */,
			);
			sourceTree = "<group>";
		};
		8D13F748235BA202008B0381 /* Products */ = {
			isa = PBXGroup;
			children = (
				8D13F747235BA202008B0381 /* Who2Call.app */,
			);
			name = Products;
			sourceTree = "<group>";
		};
		8D13F749235BA202008B0381 /* Who2Call */ = {
			isa = PBXGroup;
			children = (
				8D13F765235C7C3D008B0381 /* Data */,
				8D13F75E235BA3F2008B0381 /* Views */,
				8D13F74A235BA202008B0381 /* AppDelegate.swift */,
				8D13F74C235BA202008B0381 /* SceneDelegate.swift */,
				8D13F750235BA202008B0381 /* Main.storyboard */,
				8D13F753235BA204008B0381 /* Assets.xcassets */,
				8D13F755235BA204008B0381 /* LaunchScreen.storyboard */,
				8D13F758235BA204008B0381 /* Info.plist */,
			);
			path = Who2Call;
			sourceTree = "<group>";
		};
		8D13F75E235BA3F2008B0381 /* Views */ = {
			isa = PBXGroup;
			children = (
				8D13F74E235BA202008B0381 /* ViewController.swift */,
				8D13F75F235BA43A008B0381 /* NavigationController.swift */,
				8D13F761235C791D008B0381 /* CountryViewController.swift */,
				8D13F763235C792C008B0381 /* DetailViewController.swift */,
			);
			path = Views;
			sourceTree = "<group>";
		};
		8D13F765235C7C3D008B0381 /* Data */ = {
			isa = PBXGroup;
			children = (
				1340F55D235E26C200E23C1A /* Countries.json */,
				8D13F766235C7C8B008B0381 /* DataStruct.swift */,
			);
			path = Data;
			sourceTree = "<group>";
		};
/* End PBXGroup section */

/* Begin PBXNativeTarget section */
		8D13F746235BA202008B0381 /* Who2Call */ = {
			isa = PBXNativeTarget;
			buildConfigurationList = 8D13F75B235BA204008B0381 /* Build configuration list for PBXNativeTarget "Who2Call" */;
			buildPhases = (
				8D13F743235BA202008B0381 /* Sources */,
				8D13F744235BA202008B0381 /* Frameworks */,
				8D13F745235BA202008B0381 /* Resources */,
			);
			buildRules = (
			);
			dependencies = (
			);
			name = Who2Call;
			productName = Who2Call;
			productReference = 8D13F747235BA202008B0381 /* Who2Call.app */;
			productType = "com.apple.product-type.application";
		};
/* End PBXNativeTarget section */

/* Begin PBXProject section */
		8D13F73F235BA202008B0381 /* Project object */ = {
			isa = PBXProject;
			attributes = {
				LastSwiftUpdateCheck = 1110;
				LastUpgradeCheck = 1110;
				ORGANIZATIONNAME = "Definitely Not Devs";
				TargetAttributes = {
					8D13F746235BA202008B0381 = {
						CreatedOnToolsVersion = 11.1;
					};
				};
			};
			buildConfigurationList = 8D13F742235BA202008B0381 /* Build configuration list for PBXProject "Who2Call" */;
			compatibilityVersion = "Xcode 9.3";
			developmentRegion = en;
			hasScannedForEncodings = 0;
			knownRegions = (
				en,
				Base,
			);
			mainGroup = 8D13F73E235BA202008B0381;
			productRefGroup = 8D13F748235BA202008B0381 /* Products */;
			projectDirPath = "";
			projectRoot = "";
			targets = (
				8D13F746235BA202008B0381 /* Who2Call */,
			);
		};
/* End PBXProject section */

/* Begin PBXResourcesBuildPhase section */
		8D13F745235BA202008B0381 /* Resources */ = {
			isa = PBXResourcesBuildPhase;
			buildActionMask = 2147483647;
			files = (
				8D13F757235BA204008B0381 /* LaunchScreen.storyboard in Resources */,
				8D13F754235BA204008B0381 /* Assets.xcassets in Resources */,
				1340F55E235E26C200E23C1A /* Countries.json in Resources */,
				8D13F752235BA202008B0381 /* Main.storyboard in Resources */,
			);
			runOnlyForDeploymentPostprocessing = 0;
		};
/* End PBXResourcesBuildPhase section */

/* Begin PBXSourcesBuildPhase section */
		8D13F743235BA202008B0381 /* Sources */ = {
			isa = PBXSourcesBuildPhase;
			buildActionMask = 2147483647;
			files = (
				8D13F767235C7C8B008B0381 /* DataStruct.swift in Sources */,
				8D13F74F235BA202008B0381 /* ViewController.swift in Sources */,
				8D13F760235BA43A008B0381 /* NavigationController.swift in Sources */,
				8D13F74B235BA202008B0381 /* AppDelegate.swift in Sources */,
				8D13F764235C792C008B0381 /* DetailViewController.swift in Sources */,
				8D13F762235C791D008B0381 /* CountryViewController.swift in Sources */,
				8D13F74D235BA202008B0381 /* SceneDelegate.swift in Sources */,
			);
			runOnlyForDeploymentPostprocessing = 0;
		};
/* End PBXSourcesBuildPhase section */

/* Begin PBXVariantGroup section */
		8D13F750235BA202008B0381 /* Main.storyboard */ = {
			isa = PBXVariantGroup;
			children = (
				8D13F751235BA202008B0381 /* Base */,
			);
			name = Main.storyboard;
			sourceTree = "<group>";
		};
		8D13F755235BA204008B0381 /* LaunchScreen.storyboard */ = {
			isa = PBXVariantGroup;
			children = (
				8D13F756235BA204008B0381 /* Base */,
			);
			name = LaunchScreen.storyboard;
			sourceTree = "<group>";
		};
/* End PBXVariantGroup section */

/* Begin XCBuildConfiguration section */
		8D13F759235BA204008B0381 /* Debug */ = {
			isa = XCBuildConfiguration;
			buildSettings = {
				ALWAYS_SEARCH_USER_PATHS = NO;
				CLANG_ANALYZER_NONNULL = YES;
				CLANG_ANALYZER_NUMBER_OBJECT_CONVERSION = YES_AGGRESSIVE;
				CLANG_CXX_LANGUAGE_STANDARD = "gnu++14";
				CLANG_CXX_LIBRARY = "libc++";
				CLANG_ENABLE_MODULES = YES;
				CLANG_ENABLE_OBJC_ARC = YES;
				CLANG_ENABLE_OBJC_WEAK = YES;
				CLANG_WARN_BLOCK_CAPTURE_AUTORELEASING = YES;
				CLANG_WARN_BOOL_CONVERSION = YES;
				CLANG_WARN_COMMA = YES;
				CLANG_WARN_CONSTANT_CONVERSION = YES;
				CLANG_WARN_DEPRECATED_OBJC_IMPLEMENTATIONS = YES;
				CLANG_WARN_DIRECT_OBJC_ISA_USAGE = YES_ERROR;
				CLANG_WARN_DOCUMENTATION_COMMENTS = YES;
				CLANG_WARN_EMPTY_BODY = YES;
				CLANG_WARN_ENUM_CONVERSION = YES;
				CLANG_WARN_INFINITE_RECURSION = YES;
				CLANG_WARN_INT_CONVERSION = YES;
				CLANG_WARN_NON_LITERAL_NULL_CONVERSION = YES;
				CLANG_WARN_OBJC_IMPLICIT_RETAIN_SELF = YES;
				CLANG_WARN_OBJC_LITERAL_CONVERSION = YES;
				CLANG_WARN_OBJC_ROOT_CLASS = YES_ERROR;
				CLANG_WARN_RANGE_LOOP_ANALYSIS = YES;
				CLANG_WARN_STRICT_PROTOTYPES = YES;
				CLANG_WARN_SUSPICIOUS_MOVE = YES;
				CLANG_WARN_UNGUARDED_AVAILABILITY = YES_AGGRESSIVE;
				CLANG_WARN_UNREACHABLE_CODE = YES;
				CLANG_WARN__DUPLICATE_METHOD_MATCH = YES;
				COPY_PHASE_STRIP = NO;
				DEBUG_INFORMATION_FORMAT = dwarf;
				ENABLE_STRICT_OBJC_MSGSEND = YES;
				ENABLE_TESTABILITY = YES;
				GCC_C_LANGUAGE_STANDARD = gnu11;
				GCC_DYNAMIC_NO_PIC = NO;
				GCC_NO_COMMON_BLOCKS = YES;
				GCC_OPTIMIZATION_LEVEL = 0;
				GCC_PREPROCESSOR_DEFINITIONS = (
					"DEBUG=1",
					"$(inherited)",
				);
				GCC_WARN_64_TO_32_BIT_CONVERSION = YES;
				GCC_WARN_ABOUT_RETURN_TYPE = YES_ERROR;
				GCC_WARN_UNDECLARED_SELECTOR = YES;
				GCC_WARN_UNINITIALIZED_AUTOS = YES_AGGRESSIVE;
				GCC_WARN_UNUSED_FUNCTION = YES;
				GCC_WARN_UNUSED_VARIABLE = YES;
				IPHONEOS_DEPLOYMENT_TARGET = 13.1;
				MTL_ENABLE_DEBUG_INFO = INCLUDE_SOURCE;
				MTL_FAST_MATH = YES;
				ONLY_ACTIVE_ARCH = YES;
				SDKROOT = iphoneos;
				SWIFT_ACTIVE_COMPILATION_CONDITIONS = DEBUG;
				SWIFT_OPTIMIZATION_LEVEL = "-Onone";
			};
			name = Debug;
		};
		8D13F75A235BA204008B0381 /* Release */ = {
			isa = XCBuildConfiguration;
			buildSettings = {
				ALWAYS_SEARCH_USER_PATHS = NO;
				CLANG_ANALYZER_NONNULL = YES;
				CLANG_ANALYZER_NUMBER_OBJECT_CONVERSION = YES_AGGRESSIVE;
				CLANG_CXX_LANGUAGE_STANDARD = "gnu++14";
				CLANG_CXX_LIBRARY = "libc++";
				CLANG_ENABLE_MODULES = YES;
				CLANG_ENABLE_OBJC_ARC = YES;
				CLANG_ENABLE_OBJC_WEAK = YES;
				CLANG_WARN_BLOCK_CAPTURE_AUTORELEASING = YES;
				CLANG_WARN_BOOL_CONVERSION = YES;
				CLANG_WARN_COMMA = YES;
				CLANG_WARN_CONSTANT_CONVERSION = YES;
				CLANG_WARN_DEPRECATED_OBJC_IMPLEMENTATIONS = YES;
				CLANG_WARN_DIRECT_OBJC_ISA_USAGE = YES_ERROR;
				CLANG_WARN_DOCUMENTATION_COMMENTS = YES;
				CLANG_WARN_EMPTY_BODY = YES;
				CLANG_WARN_ENUM_CONVERSION = YES;
				CLANG_WARN_INFINITE_RECURSION = YES;
				CLANG_WARN_INT_CONVERSION = YES;
				CLANG_WARN_NON_LITERAL_NULL_CONVERSION = YES;
				CLANG_WARN_OBJC_IMPLICIT_RETAIN_SELF = YES;
				CLANG_WARN_OBJC_LITERAL_CONVERSION = YES;
				CLANG_WARN_OBJC_ROOT_CLASS = YES_ERROR;
				CLANG_WARN_RANGE_LOOP_ANALYSIS = YES;
				CLANG_WARN_STRICT_PROTOTYPES = YES;
				CLANG_WARN_SUSPICIOUS_MOVE = YES;
				CLANG_WARN_UNGUARDED_AVAILABILITY = YES_AGGRESSIVE;
				CLANG_WARN_UNREACHABLE_CODE = YES;
				CLANG_WARN__DUPLICATE_METHOD_MATCH = YES;
				COPY_PHASE_STRIP = NO;
				DEBUG_INFORMATION_FORMAT = "dwarf-with-dsym";
				ENABLE_NS_ASSERTIONS = NO;
				ENABLE_STRICT_OBJC_MSGSEND = YES;
				GCC_C_LANGUAGE_STANDARD = gnu11;
				GCC_NO_COMMON_BLOCKS = YES;
				GCC_WARN_64_TO_32_BIT_CONVERSION = YES;
				GCC_WARN_ABOUT_RETURN_TYPE = YES_ERROR;
				GCC_WARN_UNDECLARED_SELECTOR = YES;
				GCC_WARN_UNINITIALIZED_AUTOS = YES_AGGRESSIVE;
				GCC_WARN_UNUSED_FUNCTION = YES;
				GCC_WARN_UNUSED_VARIABLE = YES;
				IPHONEOS_DEPLOYMENT_TARGET = 13.1;
				MTL_ENABLE_DEBUG_INFO = NO;
				MTL_FAST_MATH = YES;
				SDKROOT = iphoneos;
				SWIFT_COMPILATION_MODE = wholemodule;
				SWIFT_OPTIMIZATION_LEVEL = "-O";
				VALIDATE_PRODUCT = YES;
			};
			name = Release;
		};
		8D13F75C235BA204008B0381 /* Debug */ = {
			isa = XCBuildConfiguration;
			buildSettings = {
				ASSETCATALOG_COMPILER_APPICON_NAME = AppIcon;
				CODE_SIGN_STYLE = Automatic;
				DEVELOPMENT_TEAM = NK7X5RKWU2;
				INFOPLIST_FILE = Who2Call/Info.plist;
				IPHONEOS_DEPLOYMENT_TARGET = 11.0;
				LD_RUNPATH_SEARCH_PATHS = (
					"$(inherited)",
					"@executable_path/Frameworks",
				);
				PRODUCT_BUNDLE_IDENTIFIER = Dnd.Who2Call;
				PRODUCT_NAME = "$(TARGET_NAME)";
				SWIFT_VERSION = 5.0;
				TARGETED_DEVICE_FAMILY = "1,2";
			};
			name = Debug;
		};
		8D13F75D235BA204008B0381 /* Release */ = {
			isa = XCBuildConfiguration;
			buildSettings = {
				ASSETCATALOG_COMPILER_APPICON_NAME = AppIcon;
				CODE_SIGN_STYLE = Automatic;
				DEVELOPMENT_TEAM = NK7X5RKWU2;
				INFOPLIST_FILE = Who2Call/Info.plist;
				IPHONEOS_DEPLOYMENT_TARGET = 11.0;
				LD_RUNPATH_SEARCH_PATHS = (
					"$(inherited)",
					"@executable_path/Frameworks",
				);
				PRODUCT_BUNDLE_IDENTIFIER = Dnd.Who2Call;
				PRODUCT_NAME = "$(TARGET_NAME)";
				SWIFT_VERSION = 5.0;
				TARGETED_DEVICE_FAMILY = "1,2";
			};
			name = Release;
		};
/* End XCBuildConfiguration section */

/* Begin XCConfigurationList section */
		8D13F742235BA202008B0381 /* Build configuration list for PBXProject "Who2Call" */ = {
			isa = XCConfigurationList;
			buildConfigurations = (
				8D13F759235BA204008B0381 /* Debug */,
				8D13F75A235BA204008B0381 /* Release */,
			);
			defaultConfigurationIsVisible = 0;
			defaultConfigurationName = Release;
		};
		8D13F75B235BA204008B0381 /* Build configuration list for PBXNativeTarget "Who2Call" */ = {
			isa = XCConfigurationList;
			buildConfigurations = (
				8D13F75C235BA204008B0381 /* Debug */,
				8D13F75D235BA204008B0381 /* Release */,
			);
			defaultConfigurationIsVisible = 0;
			defaultConfigurationName = Release;
		};
/* End XCConfigurationList section */
	};
	rootObject = 8D13F73F235BA202008B0381 /* Project object */;
}
